{
  "version": 4,
  "terraform_version": "1.3.9",
  "serial": 8,
  "lineage": "0e119962-5375-cd48-6333-e89b3c5b4788",
  "outputs": {},
  "resources": [
    {
      "mode": "managed",
      "type": "azurerm_resource_group",
      "name": "new_tf_rg",
      "provider": "provider[\"registry.terraform.io/hashicorp/azurerm\"]",
      "instances": [
        {
          "schema_version": 0,
          "attributes": {
            "id": "/subscriptions/5eb4fe8a-427d-40c8-b57a-eefb237ea326/resourceGroups/terraform_resources_group",
            "location": "westus2",
            "name": "terraform_resources_group",
            "tags": {},
            "timeouts": null
          },
          "sensitive_attributes": [],
          "private": "eyJlMmJmYjczMC1lY2FhLTExZTYtOGY4OC0zNDM2M2JjN2M0YzAiOnsiY3JlYXRlIjo1NDAwMDAwMDAwMDAwLCJkZWxldGUiOjU0MDAwMDAwMDAwMDAsInJlYWQiOjMwMDAwMDAwMDAwMCwidXBkYXRlIjo1NDAwMDAwMDAwMDAwfX0="
        }
      ]
    },
    {
      "mode": "managed",
      "type": "azurerm_storage_account",
      "name": "tftesting",
      "provider": "provider[\"registry.terraform.io/hashicorp/azurerm\"]",
      "instances": [
        {
          "schema_version": 3,
          "attributes": {
            "access_tier": "Hot",
            "account_kind": "StorageV2",
            "account_replication_type": "LRS",
            "account_tier": "Standard",
            "allow_nested_items_to_be_public": true,
            "azure_files_authentication": [],
            "blob_properties": [
              {
                "change_feed_enabled": false,
                "container_delete_retention_policy": [],
                "cors_rule": [],
                "default_service_version": "",
                "delete_retention_policy": [],
                "last_access_time_enabled": false,
                "versioning_enabled": false
              }
            ],
            "custom_domain": [],
            "customer_managed_key": [],
            "edge_zone": "",
            "enable_https_traffic_only": true,
            "id": "/subscriptions/5eb4fe8a-427d-40c8-b57a-eefb237ea326/resourceGroups/terraform_resources_group/providers/Microsoft.Storage/storageAccounts/terraformtestadi96",
            "identity": [],
            "infrastructure_encryption_enabled": false,
            "is_hns_enabled": false,
            "large_file_share_enabled": null,
            "location": "westus2",
            "min_tls_version": "TLS1_2",
            "name": "terraformtestadi96",
            "network_rules": [
              {
                "bypass": [
                  "AzureServices"
                ],
                "default_action": "Allow",
                "ip_rules": [],
                "private_link_access": [],
                "virtual_network_subnet_ids": []
              }
            ],
            "nfsv3_enabled": false,
            "primary_access_key": "CEm3p8cvhDZDoFRsYysC0DqV1I5TOdTFeVKGTO46G3+1duaAomQWz6Fa9tcB6NfBYfSbzsBRcW/g+AStmHfcNQ==",
            "primary_blob_connection_string": "DefaultEndpointsProtocol=https;BlobEndpoint=https://terraformtestadi96.blob.core.windows.net/;AccountName=terraformtestadi96;AccountKey=CEm3p8cvhDZDoFRsYysC0DqV1I5TOdTFeVKGTO46G3+1duaAomQWz6Fa9tcB6NfBYfSbzsBRcW/g+AStmHfcNQ==",
            "primary_blob_endpoint": "https://terraformtestadi96.blob.core.windows.net/",
            "primary_blob_host": "terraformtestadi96.blob.core.windows.net",
            "primary_connection_string": "DefaultEndpointsProtocol=https;AccountName=terraformtestadi96;AccountKey=CEm3p8cvhDZDoFRsYysC0DqV1I5TOdTFeVKGTO46G3+1duaAomQWz6Fa9tcB6NfBYfSbzsBRcW/g+AStmHfcNQ==;EndpointSuffix=core.windows.net",
            "primary_dfs_endpoint": "https://terraformtestadi96.dfs.core.windows.net/",
            "primary_dfs_host": "terraformtestadi96.dfs.core.windows.net",
            "primary_file_endpoint": "https://terraformtestadi96.file.core.windows.net/",
            "primary_file_host": "terraformtestadi96.file.core.windows.net",
            "primary_location": "westus2",
            "primary_queue_endpoint": "https://terraformtestadi96.queue.core.windows.net/",
            "primary_queue_host": "terraformtestadi96.queue.core.windows.net",
            "primary_table_endpoint": "https://terraformtestadi96.table.core.windows.net/",
            "primary_table_host": "terraformtestadi96.table.core.windows.net",
            "primary_web_endpoint": "https://terraformtestadi96.z5.web.core.windows.net/",
            "primary_web_host": "terraformtestadi96.z5.web.core.windows.net",
            "queue_encryption_key_type": "Service",
            "queue_properties": [
              {
                "cors_rule": [],
                "hour_metrics": [
                  {
                    "enabled": true,
                    "include_apis": true,
                    "retention_policy_days": 7,
                    "version": "1.0"
                  }
                ],
                "logging": [
                  {
                    "delete": false,
                    "read": false,
                    "retention_policy_days": 0,
                    "version": "1.0",
                    "write": false
                  }
                ],
                "minute_metrics": [
                  {
                    "enabled": false,
                    "include_apis": false,
                    "retention_policy_days": 0,
                    "version": "1.0"
                  }
                ]
              }
            ],
            "resource_group_name": "terraform_resources_group",
            "routing": [],
            "secondary_access_key": "RWlZNCJ+YcVNKKfJlaM9L1YoRYH3Ar165DUf6HziTSBY6AOvs7wpgYUk7QanVfwXYI2A5EE44L9T+ASteVYX1g==",
            "secondary_blob_connection_string": "",
            "secondary_blob_endpoint": null,
            "secondary_blob_host": null,
            "secondary_connection_string": "DefaultEndpointsProtocol=https;AccountName=terraformtestadi96;AccountKey=RWlZNCJ+YcVNKKfJlaM9L1YoRYH3Ar165DUf6HziTSBY6AOvs7wpgYUk7QanVfwXYI2A5EE44L9T+ASteVYX1g==;EndpointSuffix=core.windows.net",
            "secondary_dfs_endpoint": null,
            "secondary_dfs_host": null,
            "secondary_file_endpoint": null,
            "secondary_file_host": null,
            "secondary_location": "",
            "secondary_queue_endpoint": null,
            "secondary_queue_host": null,
            "secondary_table_endpoint": null,
            "secondary_table_host": null,
            "secondary_web_endpoint": null,
            "secondary_web_host": null,
            "share_properties": [
              {
                "cors_rule": [],
                "retention_policy": [
                  {
                    "days": 7
                  }
                ],
                "smb": []
              }
            ],
            "shared_access_key_enabled": true,
            "static_website": [],
            "table_encryption_key_type": "Service",
            "tags": {},
            "timeouts": null
          },
          "sensitive_attributes": [],
          "private": "eyJlMmJmYjczMC1lY2FhLTExZTYtOGY4OC0zNDM2M2JjN2M0YzAiOnsiY3JlYXRlIjozNjAwMDAwMDAwMDAwLCJkZWxldGUiOjM2MDAwMDAwMDAwMDAsInJlYWQiOjMwMDAwMDAwMDAwMCwidXBkYXRlIjozNjAwMDAwMDAwMDAwfSwic2NoZW1hX3ZlcnNpb24iOiIzIn0=",
          "dependencies": [
            "azurerm_resource_group.new_tf_rg"
          ]
        }
      ]
    },
    {
      "mode": "managed",
      "type": "azurerm_storage_blob",
      "name": "example",
      "provider": "provider[\"registry.terraform.io/hashicorp/azurerm\"]",
      "instances": [
        {
          "schema_version": 1,
          "attributes": {
            "access_tier": "Hot",
            "cache_control": "",
            "content_md5": "",
            "content_type": "application/octet-stream",
            "id": "https://terraformtestadi96.blob.core.windows.net/aditestcontents/Adi_resume.pdf",
            "metadata": {},
            "name": "Adi_resume.pdf",
            "parallelism": 8,
            "size": 0,
            "source": "Adi_resume.pdf",
            "source_content": null,
            "source_uri": null,
            "storage_account_name": "terraformtestadi96",
            "storage_container_name": "aditestcontents",
            "timeouts": null,
            "type": "Block",
            "url": "https://terraformtestadi96.blob.core.windows.net/aditestcontents/Adi_resume.pdf"
          },
          "sensitive_attributes": [],
          "private": "eyJlMmJmYjczMC1lY2FhLTExZTYtOGY4OC0zNDM2M2JjN2M0YzAiOnsiY3JlYXRlIjoxODAwMDAwMDAwMDAwLCJkZWxldGUiOjE4MDAwMDAwMDAwMDAsInJlYWQiOjMwMDAwMDAwMDAwMCwidXBkYXRlIjoxODAwMDAwMDAwMDAwfSwic2NoZW1hX3ZlcnNpb24iOiIxIn0=",
          "dependencies": [
            "azurerm_storage_account.tftesting",
            "azurerm_storage_container.simpleblobtest"
          ]
        }
      ]
    },
    {
      "mode": "managed",
      "type": "azurerm_storage_container",
      "name": "simpleblobtest",
      "provider": "provider[\"registry.terraform.io/hashicorp/azurerm\"]",
      "instances": [
        {
          "schema_version": 1,
          "attributes": {
            "container_access_type": "blob",
            "has_immutability_policy": false,
            "has_legal_hold": false,
            "id": "https://terraformtestadi96.blob.core.windows.net/aditestcontents",
            "metadata": {},
            "name": "aditestcontents",
            "resource_manager_id": "/subscriptions/5eb4fe8a-427d-40c8-b57a-eefb237ea326/resourceGroups/terraform_resources_group/providers/Microsoft.Storage/storageAccounts/terraformtestadi96/blobServices/default/containers/aditestcontents",
            "storage_account_name": "terraformtestadi96",
            "timeouts": null
          },
          "sensitive_attributes": [],
          "private": "eyJlMmJmYjczMC1lY2FhLTExZTYtOGY4OC0zNDM2M2JjN2M0YzAiOnsiY3JlYXRlIjoxODAwMDAwMDAwMDAwLCJkZWxldGUiOjE4MDAwMDAwMDAwMDAsInJlYWQiOjMwMDAwMDAwMDAwMCwidXBkYXRlIjoxODAwMDAwMDAwMDAwfSwic2NoZW1hX3ZlcnNpb24iOiIxIn0=",
          "dependencies": [
            "azurerm_storage_account.tftesting"
          ]
        }
      ]
    }
  ],
  "check_results": null
}
