{"version": 4, "terraform_version": "1.3.9", "serial": 8, "lineage": "323a9c10-400e-ea55-88c7-d43b19b1926f", "outputs": {}, "resources": [{"mode": "managed", "type": "aws_s3_bucket", "name": "newbucket", "provider": "provider[\"registry.terraform.io/hashicorp/aws\"]", "instances": [{"schema_version": 0, "attributes": {"acceleration_status": "", "acl": null, "arn": "arn:aws:s3:::adiprojectbucket2", "bucket": "adiprojectbucket2", "bucket_domain_name": "adiprojectbucket2.s3.amazonaws.com", "bucket_prefix": null, "bucket_regional_domain_name": "adiprojectbucket2.s3.us-west-1.amazonaws.com", "cors_rule": [], "force_destroy": false, "grant": [{"id": "a1bd360e4da349013b2b866b39e3431a1e73c8d99fb10b4e60191c398e66a1b1", "permissions": ["FULL_CONTROL"], "type": "CanonicalUser", "uri": ""}], "hosted_zone_id": "Z2F56UZL2M1ACD", "id": "adiprojectbucket2", "lifecycle_rule": [], "logging": [], "object_lock_configuration": [], "object_lock_enabled": false, "policy": "", "region": "us-west-1", "replication_configuration": [], "request_payer": "BucketOwner", "server_side_encryption_configuration": [{"rule": [{"apply_server_side_encryption_by_default": [{"kms_master_key_id": "", "sse_algorithm": "AES256"}], "bucket_key_enabled": false}]}], "tags": {}, "tags_all": {}, "versioning": [{"enabled": false, "mfa_delete": false}], "website": [], "website_domain": null, "website_endpoint": null}, "sensitive_attributes": [], "private": "bnVsbA=="}]}, {"mode": "managed", "type": "aws_s3_bucket_object", "name": "example-key", "values": {"bucket": "example-bucket", "key": "example-key"}}, {"mode": "managed", "type": "aws_s3_bucket_object", "name": "example-key2", "values": {"bucket": "example-bucket", "key": "example-key2"}}, {"mode": "managed", "type": "aws_s3_bucket", "name": "example-bucket", "values": {"bucket": "example-bucket"}}, {"mode": "managed", "type": "aws_s3_bucket", "name": ["example-bucket"], "values": {"bucket": ["example-bucket"]}}, {"mode": "managed", "type": "aws_s3_bucket", "name": "newbucketvirginiacloudtrailpickuptest5", "values": {"bucket": "newbucketvirginiacloudtrailpickuptest5"}}]}